{
  "name": "urlapialgolia",
  "version": "1.0.0",
  "lockfileVersion": 2,
  "requires": true,
  "packages": {
    "": {
      "name": "urlapialgolia",
      "version": "1.0.0",
      "license": "ISC",
      "dependencies": {
        "algoliasearch": "^4.13.1",
        "dotenv": "^16.0.1",
        "fs": "^0.0.1-security",
        "gray-matter": "^4.0.3",
        "md-2-json": "^2.0.0",
        "showdown": "^2.1.0"
      }
    },
    "node_modules/@algolia/cache-browser-local-storage": {
      "version": "4.13.1",
      "resolved": "https://registry.npmjs.org/@algolia/cache-browser-local-storage/-/cache-browser-local-storage-4.13.1.tgz",
      "integrity": "sha512-UAUVG2PEfwd/FfudsZtYnidJ9eSCpS+LW9cQiesePQLz41NAcddKxBak6eP2GErqyFagSlnVXe/w2E9h2m2ttg==",
      "dependencies": {
        "@algolia/cache-common": "4.13.1"
      }
    },
    "node_modules/@algolia/cache-common": {
      "version": "4.13.1",
      "resolved": "https://registry.npmjs.org/@algolia/cache-common/-/cache-common-4.13.1.tgz",
      "integrity": "sha512-7Vaf6IM4L0Jkl3sYXbwK+2beQOgVJ0mKFbz/4qSxKd1iy2Sp77uTAazcX+Dlexekg1fqGUOSO7HS4Sx47ZJmjA=="
    },
    "node_modules/@algolia/cache-in-memory": {
      "version": "4.13.1",
      "resolved": "https://registry.npmjs.org/@algolia/cache-in-memory/-/cache-in-memory-4.13.1.tgz",
      "integrity": "sha512-pZzybCDGApfA/nutsFK1P0Sbsq6fYJU3DwIvyKg4pURerlJM4qZbB9bfLRef0FkzfQu7W11E4cVLCIOWmyZeuQ==",
      "dependencies": {
        "@algolia/cache-common": "4.13.1"
      }
    },
    "node_modules/@algolia/client-account": {
      "version": "4.13.1",
      "resolved": "https://registry.npmjs.org/@algolia/client-account/-/client-account-4.13.1.tgz",
      "integrity": "sha512-TFLiZ1KqMiir3FNHU+h3b0MArmyaHG+eT8Iojio6TdpeFcAQ1Aiy+2gb3SZk3+pgRJa/BxGmDkRUwE5E/lv3QQ==",
      "dependencies": {
        "@algolia/client-common": "4.13.1",
        "@algolia/client-search": "4.13.1",
        "@algolia/transporter": "4.13.1"
      }
    },
    "node_modules/@algolia/client-analytics": {
      "version": "4.13.1",
      "resolved": "https://registry.npmjs.org/@algolia/client-analytics/-/client-analytics-4.13.1.tgz",
      "integrity": "sha512-iOS1JBqh7xaL5x00M5zyluZ9+9Uy9GqtYHv/2SMuzNW1qP7/0doz1lbcsP3S7KBbZANJTFHUOfuqyRLPk91iFA==",
      "dependencies": {
        "@algolia/client-common": "4.13.1",
        "@algolia/client-search": "4.13.1",
        "@algolia/requester-common": "4.13.1",
        "@algolia/transporter": "4.13.1"
      }
    },
    "node_modules/@algolia/client-common": {
      "version": "4.13.1",
      "resolved": "https://registry.npmjs.org/@algolia/client-common/-/client-common-4.13.1.tgz",
      "integrity": "sha512-LcDoUE0Zz3YwfXJL6lJ2OMY2soClbjrrAKB6auYVMNJcoKZZ2cbhQoFR24AYoxnGUYBER/8B+9sTBj5bj/Gqbg==",
      "dependencies": {
        "@algolia/requester-common": "4.13.1",
        "@algolia/transporter": "4.13.1"
      }
    },
    "node_modules/@algolia/client-personalization": {
      "version": "4.13.1",
      "resolved": "https://registry.npmjs.org/@algolia/client-personalization/-/client-personalization-4.13.1.tgz",
      "integrity": "sha512-1CqrOW1ypVrB4Lssh02hP//YxluoIYXAQCpg03L+/RiXJlCs+uIqlzC0ctpQPmxSlTK6h07kr50JQoYH/TIM9w==",
      "dependencies": {
        "@algolia/client-common": "4.13.1",
        "@algolia/requester-common": "4.13.1",
        "@algolia/transporter": "4.13.1"
      }
    },
    "node_modules/@algolia/client-search": {
      "version": "4.13.1",
      "resolved": "https://registry.npmjs.org/@algolia/client-search/-/client-search-4.13.1.tgz",
      "integrity": "sha512-YQKYA83MNRz3FgTNM+4eRYbSmHi0WWpo019s5SeYcL3HUan/i5R09VO9dk3evELDFJYciiydSjbsmhBzbpPP2A==",
      "dependencies": {
        "@algolia/client-common": "4.13.1",
        "@algolia/requester-common": "4.13.1",
        "@algolia/transporter": "4.13.1"
      }
    },
    "node_modules/@algolia/logger-common": {
      "version": "4.13.1",
      "resolved": "https://registry.npmjs.org/@algolia/logger-common/-/logger-common-4.13.1.tgz",
      "integrity": "sha512-L6slbL/OyZaAXNtS/1A8SAbOJeEXD5JcZeDCPYDqSTYScfHu+2ePRTDMgUTY4gQ7HsYZ39N1LujOd8WBTmM2Aw=="
    },
    "node_modules/@algolia/logger-console": {
      "version": "4.13.1",
      "resolved": "https://registry.npmjs.org/@algolia/logger-console/-/logger-console-4.13.1.tgz",
      "integrity": "sha512-7jQOTftfeeLlnb3YqF8bNgA2GZht7rdKkJ31OCeSH2/61haO0tWPoNRjZq9XLlgMQZH276pPo0NdiArcYPHjCA==",
      "dependencies": {
        "@algolia/logger-common": "4.13.1"
      }
    },
    "node_modules/@algolia/requester-browser-xhr": {
      "version": "4.13.1",
      "resolved": "https://registry.npmjs.org/@algolia/requester-browser-xhr/-/requester-browser-xhr-4.13.1.tgz",
      "integrity": "sha512-oa0CKr1iH6Nc7CmU6RE7TnXMjHnlyp7S80pP/LvZVABeJHX3p/BcSCKovNYWWltgTxUg0U1o+2uuy8BpMKljwA==",
      "dependencies": {
        "@algolia/requester-common": "4.13.1"
      }
    },
    "node_modules/@algolia/requester-common": {
      "version": "4.13.1",
      "resolved": "https://registry.npmjs.org/@algolia/requester-common/-/requester-common-4.13.1.tgz",
      "integrity": "sha512-eGVf0ID84apfFEuXsaoSgIxbU3oFsIbz4XiotU3VS8qGCJAaLVUC5BUJEkiFENZIhon7hIB4d0RI13HY4RSA+w=="
    },
    "node_modules/@algolia/requester-node-http": {
      "version": "4.13.1",
      "resolved": "https://registry.npmjs.org/@algolia/requester-node-http/-/requester-node-http-4.13.1.tgz",
      "integrity": "sha512-7C0skwtLdCz5heKTVe/vjvrqgL/eJxmiEjHqXdtypcE5GCQCYI15cb+wC4ytYioZDMiuDGeVYmCYImPoEgUGPw==",
      "dependencies": {
        "@algolia/requester-common": "4.13.1"
      }
    },
    "node_modules/@algolia/transporter": {
      "version": "4.13.1",
      "resolved": "https://registry.npmjs.org/@algolia/transporter/-/transporter-4.13.1.tgz",
      "integrity": "sha512-pICnNQN7TtrcYJqqPEXByV8rJ8ZRU2hCiIKLTLRyNpghtQG3VAFk6fVtdzlNfdUGZcehSKGarPIZEHlQXnKjgw==",
      "dependencies": {
        "@algolia/cache-common": "4.13.1",
        "@algolia/logger-common": "4.13.1",
        "@algolia/requester-common": "4.13.1"
      }
    },
    "node_modules/algoliasearch": {
      "version": "4.13.1",
      "resolved": "https://registry.npmjs.org/algoliasearch/-/algoliasearch-4.13.1.tgz",
      "integrity": "sha512-dtHUSE0caWTCE7liE1xaL+19AFf6kWEcyn76uhcitWpntqvicFHXKFoZe5JJcv9whQOTRM6+B8qJz6sFj+rDJA==",
      "dependencies": {
        "@algolia/cache-browser-local-storage": "4.13.1",
        "@algolia/cache-common": "4.13.1",
        "@algolia/cache-in-memory": "4.13.1",
        "@algolia/client-account": "4.13.1",
        "@algolia/client-analytics": "4.13.1",
        "@algolia/client-common": "4.13.1",
        "@algolia/client-personalization": "4.13.1",
        "@algolia/client-search": "4.13.1",
        "@algolia/logger-common": "4.13.1",
        "@algolia/logger-console": "4.13.1",
        "@algolia/requester-browser-xhr": "4.13.1",
        "@algolia/requester-common": "4.13.1",
        "@algolia/requester-node-http": "4.13.1",
        "@algolia/transporter": "4.13.1"
      }
    },
    "node_modules/argparse": {
      "version": "1.0.10",
      "resolved": "https://registry.npmjs.org/argparse/-/argparse-1.0.10.tgz",
      "integrity": "sha512-o5Roy6tNG4SL/FOkCAN6RzjiakZS25RLYFrcMttJqbdd8BWrnA+fGz57iN5Pb06pvBGvl5gQ0B48dJlslXvoTg==",
      "dependencies": {
        "sprintf-js": "~1.0.2"
      }
    },
    "node_modules/commander": {
      "version": "9.3.0",
      "resolved": "https://registry.npmjs.org/commander/-/commander-9.3.0.tgz",
      "integrity": "sha512-hv95iU5uXPbK83mjrJKuZyFM/LBAoCV/XhVGkS5Je6tl7sxr6A0ITMw5WoRV46/UaJ46Nllm3Xt7IaJhXTIkzw==",
      "engines": {
        "node": "^12.20.0 || >=14"
      }
    },
    "node_modules/dotenv": {
      "version": "16.0.1",
      "resolved": "https://registry.npmjs.org/dotenv/-/dotenv-16.0.1.tgz",
      "integrity": "sha512-1K6hR6wtk2FviQ4kEiSjFiH5rpzEVi8WW0x96aztHVMhEspNpc4DVOUTEHtEva5VThQ8IaBX1Pe4gSzpVVUsKQ==",
      "engines": {
        "node": ">=12"
      }
    },
    "node_modules/esprima": {
      "version": "4.0.1",
      "resolved": "https://registry.npmjs.org/esprima/-/esprima-4.0.1.tgz",
      "integrity": "sha512-eGuFFw7Upda+g4p+QHvnW0RyTX/SVeJBDM/gCtMARO0cLuT2HcEKnTPvhjV6aGeqrCB/sbNop0Kszm0jsaWU4A==",
      "bin": {
        "esparse": "bin/esparse.js",
        "esvalidate": "bin/esvalidate.js"
      },
      "engines": {
        "node": ">=4"
      }
    },
    "node_modules/extend-shallow": {
      "version": "2.0.1",
      "resolved": "https://registry.npmjs.org/extend-shallow/-/extend-shallow-2.0.1.tgz",
      "integrity": "sha1-Ua99YUrZqfYQ6huvu5idaxxWiQ8=",
      "dependencies": {
        "is-extendable": "^0.1.0"
      },
      "engines": {
        "node": ">=0.10.0"
      }
    },
    "node_modules/fs": {
      "version": "0.0.1-security",
      "resolved": "https://registry.npmjs.org/fs/-/fs-0.0.1-security.tgz",
      "integrity": "sha1-invTcYa23d84E/I4WLV+yq9eQdQ="
    },
    "node_modules/gray-matter": {
      "version": "4.0.3",
      "resolved": "https://registry.npmjs.org/gray-matter/-/gray-matter-4.0.3.tgz",
      "integrity": "sha512-5v6yZd4JK3eMI3FqqCouswVqwugaA9r4dNZB1wwcmrD02QkV5H0y7XBQW8QwQqEaZY1pM9aqORSORhJRdNK44Q==",
      "dependencies": {
        "js-yaml": "^3.13.1",
        "kind-of": "^6.0.2",
        "section-matter": "^1.0.0",
        "strip-bom-string": "^1.0.0"
      },
      "engines": {
        "node": ">=6.0"
      }
    },
    "node_modules/is-extendable": {
      "version": "0.1.1",
      "resolved": "https://registry.npmjs.org/is-extendable/-/is-extendable-0.1.1.tgz",
      "integrity": "sha1-YrEQ4omkcUGOPsNqYX1HLjAd/Ik=",
      "engines": {
        "node": ">=0.10.0"
      }
    },
    "node_modules/js-yaml": {
      "version": "3.14.1",
      "resolved": "https://registry.npmjs.org/js-yaml/-/js-yaml-3.14.1.tgz",
      "integrity": "sha512-okMH7OXXJ7YrN9Ok3/SXrnu4iX9yOk+25nqX4imS2npuvTYDmo/QEZoqwZkYaIDk3jVvBOTOIEgEhaLOynBS9g==",
      "dependencies": {
        "argparse": "^1.0.7",
        "esprima": "^4.0.0"
      },
      "bin": {
        "js-yaml": "bin/js-yaml.js"
      }
    },
    "node_modules/kind-of": {
      "version": "6.0.3",
      "resolved": "https://registry.npmjs.org/kind-of/-/kind-of-6.0.3.tgz",
      "integrity": "sha512-dcS1ul+9tmeD95T+x28/ehLgd9mENa3LsvDTtzm3vyBEO7RPptvAD+t44WVXaUjTBRcrpFeFlC8WCruUR456hw==",
      "engines": {
        "node": ">=0.10.0"
      }
    },
    "node_modules/marked": {
      "version": "2.1.3",
      "resolved": "https://registry.npmjs.org/marked/-/marked-2.1.3.tgz",
      "integrity": "sha512-/Q+7MGzaETqifOMWYEA7HVMaZb4XbcRfaOzcSsHZEith83KGlvaSG33u0SKu89Mj5h+T8V2hM+8O45Qc5XTgwA==",
      "bin": {
        "marked": "bin/marked"
      },
      "engines": {
        "node": ">= 10"
      }
    },
    "node_modules/md-2-json": {
      "version": "2.0.0",
      "resolved": "https://registry.npmjs.org/md-2-json/-/md-2-json-2.0.0.tgz",
      "integrity": "sha512-NNXxKtxycXOHLFhL7rEKOlIjmdCMbrltgOKFpd6DHLfKfBLZY3K4KxcyEaJ3fnQyDbUqejHMHl65SdZ3n0iVPg==",
      "dependencies": {
        "marked": "^2.0.3",
        "traverse": "^0.6.6"
      }
    },
    "node_modules/section-matter": {
      "version": "1.0.0",
      "resolved": "https://registry.npmjs.org/section-matter/-/section-matter-1.0.0.tgz",
      "integrity": "sha512-vfD3pmTzGpufjScBh50YHKzEu2lxBWhVEHsNGoEXmCmn2hKGfeNLYMzCJpe8cD7gqX7TJluOVpBkAequ6dgMmA==",
      "dependencies": {
        "extend-shallow": "^2.0.1",
        "kind-of": "^6.0.0"
      },
      "engines": {
        "node": ">=4"
      }
    },
    "node_modules/showdown": {
      "version": "2.1.0",
      "resolved": "https://registry.npmjs.org/showdown/-/showdown-2.1.0.tgz",
      "integrity": "sha512-/6NVYu4U819R2pUIk79n67SYgJHWCce0a5xTP979WbNp0FL9MN1I1QK662IDU1b6JzKTvmhgI7T7JYIxBi3kMQ==",
      "dependencies": {
        "commander": "^9.0.0"
      },
      "bin": {
        "showdown": "bin/showdown.js"
      },
      "funding": {
        "type": "individual",
        "url": "https://www.paypal.me/tiviesantos"
      }
    },
    "node_modules/sprintf-js": {
      "version": "1.0.3",
      "resolved": "https://registry.npmjs.org/sprintf-js/-/sprintf-js-1.0.3.tgz",
      "integrity": "sha1-BOaSb2YolTVPPdAVIDYzuFcpfiw="
    },
    "node_modules/strip-bom-string": {
      "version": "1.0.0",
      "resolved": "https://registry.npmjs.org/strip-bom-string/-/strip-bom-string-1.0.0.tgz",
      "integrity": "sha1-5SEekiQ2n7uB1jOi8ABE3IztrZI=",
      "engines": {
        "node": ">=0.10.0"
      }
    },
    "node_modules/traverse": {
      "version": "0.6.6",
      "resolved": "https://registry.npmjs.org/traverse/-/traverse-0.6.6.tgz",
      "integrity": "sha1-y99WD9e5r2MlAv7UD5GMFX6pcTc="
    }
  },
  "dependencies": {
    "@algolia/cache-browser-local-storage": {
      "version": "4.13.1",
      "resolved": "https://registry.npmjs.org/@algolia/cache-browser-local-storage/-/cache-browser-local-storage-4.13.1.tgz",
      "integrity": "sha512-UAUVG2PEfwd/FfudsZtYnidJ9eSCpS+LW9cQiesePQLz41NAcddKxBak6eP2GErqyFagSlnVXe/w2E9h2m2ttg==",
      "requires": {
        "@algolia/cache-common": "4.13.1"
      }
    },
    "@algolia/cache-common": {
      "version": "4.13.1",
      "resolved": "https://registry.npmjs.org/@algolia/cache-common/-/cache-common-4.13.1.tgz",
      "integrity": "sha512-7Vaf6IM4L0Jkl3sYXbwK+2beQOgVJ0mKFbz/4qSxKd1iy2Sp77uTAazcX+Dlexekg1fqGUOSO7HS4Sx47ZJmjA=="
    },
    "@algolia/cache-in-memory": {
      "version": "4.13.1",
      "resolved": "https://registry.npmjs.org/@algolia/cache-in-memory/-/cache-in-memory-4.13.1.tgz",
      "integrity": "sha512-pZzybCDGApfA/nutsFK1P0Sbsq6fYJU3DwIvyKg4pURerlJM4qZbB9bfLRef0FkzfQu7W11E4cVLCIOWmyZeuQ==",
      "requires": {
        "@algolia/cache-common": "4.13.1"
      }
    },
    "@algolia/client-account": {
      "version": "4.13.1",
      "resolved": "https://registry.npmjs.org/@algolia/client-account/-/client-account-4.13.1.tgz",
      "integrity": "sha512-TFLiZ1KqMiir3FNHU+h3b0MArmyaHG+eT8Iojio6TdpeFcAQ1Aiy+2gb3SZk3+pgRJa/BxGmDkRUwE5E/lv3QQ==",
      "requires": {
        "@algolia/client-common": "4.13.1",
        "@algolia/client-search": "4.13.1",
        "@algolia/transporter": "4.13.1"
      }
    },
    "@algolia/client-analytics": {
      "version": "4.13.1",
      "resolved": "https://registry.npmjs.org/@algolia/client-analytics/-/client-analytics-4.13.1.tgz",
      "integrity": "sha512-iOS1JBqh7xaL5x00M5zyluZ9+9Uy9GqtYHv/2SMuzNW1qP7/0doz1lbcsP3S7KBbZANJTFHUOfuqyRLPk91iFA==",
      "requires": {
        "@algolia/client-common": "4.13.1",
        "@algolia/client-search": "4.13.1",
        "@algolia/requester-common": "4.13.1",
        "@algolia/transporter": "4.13.1"
      }
    },
    "@algolia/client-common": {
      "version": "4.13.1",
      "resolved": "https://registry.npmjs.org/@algolia/client-common/-/client-common-4.13.1.tgz",
      "integrity": "sha512-LcDoUE0Zz3YwfXJL6lJ2OMY2soClbjrrAKB6auYVMNJcoKZZ2cbhQoFR24AYoxnGUYBER/8B+9sTBj5bj/Gqbg==",
      "requires": {
        "@algolia/requester-common": "4.13.1",
        "@algolia/transporter": "4.13.1"
      }
    },
    "@algolia/client-personalization": {
      "version": "4.13.1",
      "resolved": "https://registry.npmjs.org/@algolia/client-personalization/-/client-personalization-4.13.1.tgz",
      "integrity": "sha512-1CqrOW1ypVrB4Lssh02hP//YxluoIYXAQCpg03L+/RiXJlCs+uIqlzC0ctpQPmxSlTK6h07kr50JQoYH/TIM9w==",
      "requires": {
        "@algolia/client-common": "4.13.1",
        "@algolia/requester-common": "4.13.1",
        "@algolia/transporter": "4.13.1"
      }
    },
    "@algolia/client-search": {
      "version": "4.13.1",
      "resolved": "https://registry.npmjs.org/@algolia/client-search/-/client-search-4.13.1.tgz",
      "integrity": "sha512-YQKYA83MNRz3FgTNM+4eRYbSmHi0WWpo019s5SeYcL3HUan/i5R09VO9dk3evELDFJYciiydSjbsmhBzbpPP2A==",
      "requires": {
        "@algolia/client-common": "4.13.1",
        "@algolia/requester-common": "4.13.1",
        "@algolia/transporter": "4.13.1"
      }
    },
    "@algolia/logger-common": {
      "version": "4.13.1",
      "resolved": "https://registry.npmjs.org/@algolia/logger-common/-/logger-common-4.13.1.tgz",
      "integrity": "sha512-L6slbL/OyZaAXNtS/1A8SAbOJeEXD5JcZeDCPYDqSTYScfHu+2ePRTDMgUTY4gQ7HsYZ39N1LujOd8WBTmM2Aw=="
    },
    "@algolia/logger-console": {
      "version": "4.13.1",
      "resolved": "https://registry.npmjs.org/@algolia/logger-console/-/logger-console-4.13.1.tgz",
      "integrity": "sha512-7jQOTftfeeLlnb3YqF8bNgA2GZht7rdKkJ31OCeSH2/61haO0tWPoNRjZq9XLlgMQZH276pPo0NdiArcYPHjCA==",
      "requires": {
        "@algolia/logger-common": "4.13.1"
      }
    },
    "@algolia/requester-browser-xhr": {
      "version": "4.13.1",
      "resolved": "https://registry.npmjs.org/@algolia/requester-browser-xhr/-/requester-browser-xhr-4.13.1.tgz",
      "integrity": "sha512-oa0CKr1iH6Nc7CmU6RE7TnXMjHnlyp7S80pP/LvZVABeJHX3p/BcSCKovNYWWltgTxUg0U1o+2uuy8BpMKljwA==",
      "requires": {
        "@algolia/requester-common": "4.13.1"
      }
    },
    "@algolia/requester-common": {
      "version": "4.13.1",
      "resolved": "https://registry.npmjs.org/@algolia/requester-common/-/requester-common-4.13.1.tgz",
      "integrity": "sha512-eGVf0ID84apfFEuXsaoSgIxbU3oFsIbz4XiotU3VS8qGCJAaLVUC5BUJEkiFENZIhon7hIB4d0RI13HY4RSA+w=="
    },
    "@algolia/requester-node-http": {
      "version": "4.13.1",
      "resolved": "https://registry.npmjs.org/@algolia/requester-node-http/-/requester-node-http-4.13.1.tgz",
      "integrity": "sha512-7C0skwtLdCz5heKTVe/vjvrqgL/eJxmiEjHqXdtypcE5GCQCYI15cb+wC4ytYioZDMiuDGeVYmCYImPoEgUGPw==",
      "requires": {
        "@algolia/requester-common": "4.13.1"
      }
    },
    "@algolia/transporter": {
      "version": "4.13.1",
      "resolved": "https://registry.npmjs.org/@algolia/transporter/-/transporter-4.13.1.tgz",
      "integrity": "sha512-pICnNQN7TtrcYJqqPEXByV8rJ8ZRU2hCiIKLTLRyNpghtQG3VAFk6fVtdzlNfdUGZcehSKGarPIZEHlQXnKjgw==",
      "requires": {
        "@algolia/cache-common": "4.13.1",
        "@algolia/logger-common": "4.13.1",
        "@algolia/requester-common": "4.13.1"
      }
    },
    "algoliasearch": {
      "version": "4.13.1",
      "resolved": "https://registry.npmjs.org/algoliasearch/-/algoliasearch-4.13.1.tgz",
      "integrity": "sha512-dtHUSE0caWTCE7liE1xaL+19AFf6kWEcyn76uhcitWpntqvicFHXKFoZe5JJcv9whQOTRM6+B8qJz6sFj+rDJA==",
      "requires": {
        "@algolia/cache-browser-local-storage": "4.13.1",
        "@algolia/cache-common": "4.13.1",
        "@algolia/cache-in-memory": "4.13.1",
        "@algolia/client-account": "4.13.1",
        "@algolia/client-analytics": "4.13.1",
        "@algolia/client-common": "4.13.1",
        "@algolia/client-personalization": "4.13.1",
        "@algolia/client-search": "4.13.1",
        "@algolia/logger-common": "4.13.1",
        "@algolia/logger-console": "4.13.1",
        "@algolia/requester-browser-xhr": "4.13.1",
        "@algolia/requester-common": "4.13.1",
        "@algolia/requester-node-http": "4.13.1",
        "@algolia/transporter": "4.13.1"
      }
    },
    "argparse": {
      "version": "1.0.10",
      "resolved": "https://registry.npmjs.org/argparse/-/argparse-1.0.10.tgz",
      "integrity": "sha512-o5Roy6tNG4SL/FOkCAN6RzjiakZS25RLYFrcMttJqbdd8BWrnA+fGz57iN5Pb06pvBGvl5gQ0B48dJlslXvoTg==",
      "requires": {
        "sprintf-js": "~1.0.2"
      }
    },
    "commander": {
      "version": "9.3.0",
      "resolved": "https://registry.npmjs.org/commander/-/commander-9.3.0.tgz",
      "integrity": "sha512-hv95iU5uXPbK83mjrJKuZyFM/LBAoCV/XhVGkS5Je6tl7sxr6A0ITMw5WoRV46/UaJ46Nllm3Xt7IaJhXTIkzw=="
    },
    "dotenv": {
      "version": "16.0.1",
      "resolved": "https://registry.npmjs.org/dotenv/-/dotenv-16.0.1.tgz",
      "integrity": "sha512-1K6hR6wtk2FviQ4kEiSjFiH5rpzEVi8WW0x96aztHVMhEspNpc4DVOUTEHtEva5VThQ8IaBX1Pe4gSzpVVUsKQ=="
    },
    "esprima": {
      "version": "4.0.1",
      "resolved": "https://registry.npmjs.org/esprima/-/esprima-4.0.1.tgz",
      "integrity": "sha512-eGuFFw7Upda+g4p+QHvnW0RyTX/SVeJBDM/gCtMARO0cLuT2HcEKnTPvhjV6aGeqrCB/sbNop0Kszm0jsaWU4A=="
    },
    "extend-shallow": {
      "version": "2.0.1",
      "resolved": "https://registry.npmjs.org/extend-shallow/-/extend-shallow-2.0.1.tgz",
      "integrity": "sha1-Ua99YUrZqfYQ6huvu5idaxxWiQ8=",
      "requires": {
        "is-extendable": "^0.1.0"
      }
    },
    "fs": {
      "version": "0.0.1-security",
      "resolved": "https://registry.npmjs.org/fs/-/fs-0.0.1-security.tgz",
      "integrity": "sha1-invTcYa23d84E/I4WLV+yq9eQdQ="
    },
    "gray-matter": {
      "version": "4.0.3",
      "resolved": "https://registry.npmjs.org/gray-matter/-/gray-matter-4.0.3.tgz",
      "integrity": "sha512-5v6yZd4JK3eMI3FqqCouswVqwugaA9r4dNZB1wwcmrD02QkV5H0y7XBQW8QwQqEaZY1pM9aqORSORhJRdNK44Q==",
      "requires": {
        "js-yaml": "^3.13.1",
        "kind-of": "^6.0.2",
        "section-matter": "^1.0.0",
        "strip-bom-string": "^1.0.0"
      }
    },
    "is-extendable": {
      "version": "0.1.1",
      "resolved": "https://registry.npmjs.org/is-extendable/-/is-extendable-0.1.1.tgz",
      "integrity": "sha1-YrEQ4omkcUGOPsNqYX1HLjAd/Ik="
    },
    "js-yaml": {
      "version": "3.14.1",
      "resolved": "https://registry.npmjs.org/js-yaml/-/js-yaml-3.14.1.tgz",
      "integrity": "sha512-okMH7OXXJ7YrN9Ok3/SXrnu4iX9yOk+25nqX4imS2npuvTYDmo/QEZoqwZkYaIDk3jVvBOTOIEgEhaLOynBS9g==",
      "requires": {
        "argparse": "^1.0.7",
        "esprima": "^4.0.0"
      }
    },
    "kind-of": {
      "version": "6.0.3",
      "resolved": "https://registry.npmjs.org/kind-of/-/kind-of-6.0.3.tgz",
      "integrity": "sha512-dcS1ul+9tmeD95T+x28/ehLgd9mENa3LsvDTtzm3vyBEO7RPptvAD+t44WVXaUjTBRcrpFeFlC8WCruUR456hw=="
    },
    "marked": {
      "version": "2.1.3",
      "resolved": "https://registry.npmjs.org/marked/-/marked-2.1.3.tgz",
      "integrity": "sha512-/Q+7MGzaETqifOMWYEA7HVMaZb4XbcRfaOzcSsHZEith83KGlvaSG33u0SKu89Mj5h+T8V2hM+8O45Qc5XTgwA=="
    },
    "md-2-json": {
      "version": "2.0.0",
      "resolved": "https://registry.npmjs.org/md-2-json/-/md-2-json-2.0.0.tgz",
      "integrity": "sha512-NNXxKtxycXOHLFhL7rEKOlIjmdCMbrltgOKFpd6DHLfKfBLZY3K4KxcyEaJ3fnQyDbUqejHMHl65SdZ3n0iVPg==",
      "requires": {
        "marked": "^2.0.3",
        "traverse": "^0.6.6"
      }
    },
    "section-matter": {
      "version": "1.0.0",
      "resolved": "https://registry.npmjs.org/section-matter/-/section-matter-1.0.0.tgz",
      "integrity": "sha512-vfD3pmTzGpufjScBh50YHKzEu2lxBWhVEHsNGoEXmCmn2hKGfeNLYMzCJpe8cD7gqX7TJluOVpBkAequ6dgMmA==",
      "requires": {
        "extend-shallow": "^2.0.1",
        "kind-of": "^6.0.0"
      }
    },
    "showdown": {
      "version": "2.1.0",
      "resolved": "https://registry.npmjs.org/showdown/-/showdown-2.1.0.tgz",
      "integrity": "sha512-/6NVYu4U819R2pUIk79n67SYgJHWCce0a5xTP979WbNp0FL9MN1I1QK662IDU1b6JzKTvmhgI7T7JYIxBi3kMQ==",
      "requires": {
        "commander": "^9.0.0"
      }
    },
    "sprintf-js": {
      "version": "1.0.3",
      "resolved": "https://registry.npmjs.org/sprintf-js/-/sprintf-js-1.0.3.tgz",
      "integrity": "sha1-BOaSb2YolTVPPdAVIDYzuFcpfiw="
    },
    "strip-bom-string": {
      "version": "1.0.0",
      "resolved": "https://registry.npmjs.org/strip-bom-string/-/strip-bom-string-1.0.0.tgz",
      "integrity": "sha1-5SEekiQ2n7uB1jOi8ABE3IztrZI="
    },
    "traverse": {
      "version": "0.6.6",
      "resolved": "https://registry.npmjs.org/traverse/-/traverse-0.6.6.tgz",
      "integrity": "sha1-y99WD9e5r2MlAv7UD5GMFX6pcTc="
    }
  }
}
